
Microsoft Visual Studio Solution File, Format Version 12.00
# Visual Studio Version 16
VisualStudioVersion = 25.0.1706.5
MinimumVisualStudioVersion = 10.0.40219.1
Project("{FAE04EC0-301F-11D3-BF4B-00C04F79EFBC}") = "GameStoreAPIv3NET7", "GameStoreAPIv3NET7.csproj", "{03F4C0F2-018C-4F82-8FB5-40C74D9A4E33}"
EndProject
Global
	GlobalSection(SolutionConfigurationPlatforms) = preSolution
		Debug|Any CPU = Debug|Any CPU
		Release|Any CPU = Release|Any CPU
	EndGlobalSection
	GlobalSection(ProjectConfigurationPlatforms) = postSolution
		{03F4C0F2-018C-4F82-8FB5-40C74D9A4E33}.Debug|Any CPU.ActiveCfg = Debug|Any CPU
		{03F4C0F2-018C-4F82-8FB5-40C74D9A4E33}.Debug|Any CPU.Build.0 = Debug|Any CPU
		{03F4C0F2-018C-4F82-8FB5-40C74D9A4E33}.Release|Any CPU.ActiveCfg = Release|Any CPU
		{03F4C0F2-018C-4F82-8FB5-40C74D9A4E33}.Release|Any CPU.Build.0 = Release|Any CPU
	EndGlobalSection
	GlobalSection(SolutionProperties) = preSolution
		HideSolutionNode = FALSE
	EndGlobalSection
	GlobalSection(ExtensibilityGlobals) = postSolution
		SolutionGuid = {E332F724-21B0-485F-AA7D-8B24E2C91263}
	EndGlobalSection
EndGlobal
